
Microsoft Visual Studio Solution File, Format Version 12.00
# Visual Studio Version 17
VisualStudioVersion = 17.5.33502.453
MinimumVisualStudioVersion = 10.0.40219.1
Project("{9A19103F-16F7-4668-BE54-9A1E7A4F7556}") = "RazorCrudSignalr", "RazorCrudSignalr\RazorCrudSignalr.csproj", "{57AF1599-7C80-44C8-A137-1D0F373F3E7F}"
EndProject
Project("{9A19103F-16F7-4668-BE54-9A1E7A4F7556}") = "ChatAppGroup", "ChatAppGroup\ChatAppGroup.csproj", "{6BA1F237-3F1A-41A8-B2EF-C0B799471E3D}"
EndProject
Project("{9A19103F-16F7-4668-BE54-9A1E7A4F7556}") = "ChatAppRazor", "ChatAppRazor\ChatAppRazor.csproj", "{9EE861FF-3B32-4808-A0B2-BBF52BE99FDB}"
EndProject
Global
	GlobalSection(SolutionConfigurationPlatforms) = preSolution
		Debug|Any CPU = Debug|Any CPU
		Release|Any CPU = Release|Any CPU
	EndGlobalSection
	GlobalSection(ProjectConfigurationPlatforms) = postSolution
		{57AF1599-7C80-44C8-A137-1D0F373F3E7F}.Debug|Any CPU.ActiveCfg = Debug|Any CPU
		{57AF1599-7C80-44C8-A137-1D0F373F3E7F}.Debug|Any CPU.Build.0 = Debug|Any CPU
		{57AF1599-7C80-44C8-A137-1D0F373F3E7F}.Release|Any CPU.ActiveCfg = Release|Any CPU
		{57AF1599-7C80-44C8-A137-1D0F373F3E7F}.Release|Any CPU.Build.0 = Release|Any CPU
		{6BA1F237-3F1A-41A8-B2EF-C0B799471E3D}.Debug|Any CPU.ActiveCfg = Debug|Any CPU
		{6BA1F237-3F1A-41A8-B2EF-C0B799471E3D}.Debug|Any CPU.Build.0 = Debug|Any CPU
		{6BA1F237-3F1A-41A8-B2EF-C0B799471E3D}.Release|Any CPU.ActiveCfg = Release|Any CPU
		{6BA1F237-3F1A-41A8-B2EF-C0B799471E3D}.Release|Any CPU.Build.0 = Release|Any CPU
		{9EE861FF-3B32-4808-A0B2-BBF52BE99FDB}.Debug|Any CPU.ActiveCfg = Debug|Any CPU
		{9EE861FF-3B32-4808-A0B2-BBF52BE99FDB}.Debug|Any CPU.Build.0 = Debug|Any CPU
		{9EE861FF-3B32-4808-A0B2-BBF52BE99FDB}.Release|Any CPU.ActiveCfg = Release|Any CPU
		{9EE861FF-3B32-4808-A0B2-BBF52BE99FDB}.Release|Any CPU.Build.0 = Release|Any CPU
	EndGlobalSection
	GlobalSection(SolutionProperties) = preSolution
		HideSolutionNode = FALSE
	EndGlobalSection
	GlobalSection(ExtensibilityGlobals) = postSolution
		SolutionGuid = {F5055B35-D4DF-46F3-84BC-306C1327C0BF}
	EndGlobalSection
EndGlobal
